// !$*UTF8*$!
{
	archiveVersion = 1;
	classes = {
	};
	objectVersion = 50;
	objects = {

/* Begin PBXBuildFile section */
		DA2D9EF822B1AD4700072762 /* AppDelegate.swift in Sources */ = {isa = PBXBuildFile; fileRef = DA2D9EF722B1AD4700072762 /* AppDelegate.swift */; };
		DA2D9EFA22B1AD4700072762 /* TodoListViewController.swift in Sources */ = {isa = PBXBuildFile; fileRef = DA2D9EF922B1AD4700072762 /* TodoListViewController.swift */; };
		DA2D9EFD22B1AD4700072762 /* Main.storyboard in Resources */ = {isa = PBXBuildFile; fileRef = DA2D9EFB22B1AD4700072762 /* Main.storyboard */; };
		DA2D9EFF22B1AD4800072762 /* Assets.xcassets in Resources */ = {isa = PBXBuildFile; fileRef = DA2D9EFE22B1AD4800072762 /* Assets.xcassets */; };
		DA2D9F0222B1AD4800072762 /* LaunchScreen.storyboard in Resources */ = {isa = PBXBuildFile; fileRef = DA2D9F0022B1AD4800072762 /* LaunchScreen.storyboard */; };
		DA2D9F0A22B2A26600072762 /* Item.swift in Sources */ = {isa = PBXBuildFile; fileRef = DA2D9F0922B2A26600072762 /* Item.swift */; };
		DA2D9F0D22B2A71200072762 /* TableViewCell.swift in Sources */ = {isa = PBXBuildFile; fileRef = DA2D9F0B22B2A71200072762 /* TableViewCell.swift */; };
		DA2D9F0E22B2A71200072762 /* TableViewCell.xib in Resources */ = {isa = PBXBuildFile; fileRef = DA2D9F0C22B2A71200072762 /* TableViewCell.xib */; };
/* End PBXBuildFile section */

/* Begin PBXFileReference section */
		DA2D9EF422B1AD4700072762 /* ListaDeCompras.app */ = {isa = PBXFileReference; explicitFileType = wrapper.application; includeInIndex = 0; path = ListaDeCompras.app; sourceTree = BUILT_PRODUCTS_DIR; };
		DA2D9EF722B1AD4700072762 /* AppDelegate.swift */ = {isa = PBXFileReference; lastKnownFileType = sourcecode.swift; path = AppDelegate.swift; sourceTree = "<group>"; };
		DA2D9EF922B1AD4700072762 /* TodoListViewController.swift */ = {isa = PBXFileReference; lastKnownFileType = sourcecode.swift; path = TodoListViewController.swift; sourceTree = "<group>"; };
		DA2D9EFC22B1AD4700072762 /* Base */ = {isa = PBXFileReference; lastKnownFileType = file.storyboard; name = Base; path = Base.lproj/Main.storyboard; sourceTree = "<group>"; };
		DA2D9EFE22B1AD4800072762 /* Assets.xcassets */ = {isa = PBXFileReference; lastKnownFileType = folder.assetcatalog; path = Assets.xcassets; sourceTree = "<group>"; };
		DA2D9F0122B1AD4800072762 /* Base */ = {isa = PBXFileReference; lastKnownFileType = file.storyboard; name = Base; path = Base.lproj/LaunchScreen.storyboard; sourceTree = "<group>"; };
		DA2D9F0322B1AD4800072762 /* Info.plist */ = {isa = PBXFileReference; lastKnownFileType = text.plist.xml; path = Info.plist; sourceTree = "<group>"; };
		DA2D9F0922B2A26600072762 /* Item.swift */ = {isa = PBXFileReference; lastKnownFileType = sourcecode.swift; path = Item.swift; sourceTree = "<group>"; };
		DA2D9F0B22B2A71200072762 /* TableViewCell.swift */ = {isa = PBXFileReference; lastKnownFileType = sourcecode.swift; path = TableViewCell.swift; sourceTree = "<group>"; };
		DA2D9F0C22B2A71200072762 /* TableViewCell.xib */ = {isa = PBXFileReference; lastKnownFileType = file.xib; path = TableViewCell.xib; sourceTree = "<group>"; };
/* End PBXFileReference section */

/* Begin PBXFrameworksBuildPhase section */
		DA2D9EF122B1AD4700072762 /* Frameworks */ = {
			isa = PBXFrameworksBuildPhase;
			buildActionMask = 2147483647;
			files = (
			);
			runOnlyForDeploymentPostprocessing = 0;
		};
/* End PBXFrameworksBuildPhase section */

/* Begin PBXGroup section */
		DA2D9EEB22B1AD4700072762 = {
			isa = PBXGroup;
			children = (
				DA2D9EF622B1AD4700072762 /* ListaDeCompras */,
				DA2D9EF522B1AD4700072762 /* Products */,
			);
			sourceTree = "<group>";
		};
		DA2D9EF522B1AD4700072762 /* Products */ = {
			isa = PBXGroup;
			children = (
				DA2D9EF422B1AD4700072762 /* ListaDeCompras.app */,
			);
			name = Products;
			sourceTree = "<group>";
		};
		DA2D9EF622B1AD4700072762 /* ListaDeCompras */ = {
			isa = PBXGroup;
			children = (
				DA2D9EF722B1AD4700072762 /* AppDelegate.swift */,
				DA2D9EF922B1AD4700072762 /* TodoListViewController.swift */,
				DA2D9F0B22B2A71200072762 /* TableViewCell.swift */,
				DA2D9F0C22B2A71200072762 /* TableViewCell.xib */,
				DA2D9EFB22B1AD4700072762 /* Main.storyboard */,
				DA2D9F0922B2A26600072762 /* Item.swift */,
				DA2D9EFE22B1AD4800072762 /* Assets.xcassets */,
				DA2D9F0022B1AD4800072762 /* LaunchScreen.storyboard */,
				DA2D9F0322B1AD4800072762 /* Info.plist */,
			);
			path = ListaDeCompras;
			sourceTree = "<group>";
		};
/* End PBXGroup section */

/* Begin PBXNativeTarget section */
		DA2D9EF322B1AD4700072762 /* ListaDeCompras */ = {
			isa = PBXNativeTarget;
			buildConfigurationList = DA2D9F0622B1AD4800072762 /* Build configuration list for PBXNativeTarget "ListaDeCompras" */;
			buildPhases = (
				DA2D9EF022B1AD4700072762 /* Sources */,
				DA2D9EF122B1AD4700072762 /* Frameworks */,
				DA2D9EF222B1AD4700072762 /* Resources */,
			);
			buildRules = (
			);
			dependencies = (
			);
			name = ListaDeCompras;
			productName = ListaDeCompras;
			productReference = DA2D9EF422B1AD4700072762 /* ListaDeCompras.app */;
			productType = "com.apple.product-type.application";
		};
/* End PBXNativeTarget section */

/* Begin PBXProject section */
		DA2D9EEC22B1AD4700072762 /* Project object */ = {
			isa = PBXProject;
			attributes = {
				LastSwiftUpdateCheck = 1000;
				LastUpgradeCheck = 1000;
				ORGANIZATIONNAME = ITESM;
				TargetAttributes = {
					DA2D9EF322B1AD4700072762 = {
						CreatedOnToolsVersion = 10.0;
					};
				};
			};
			buildConfigurationList = DA2D9EEF22B1AD4700072762 /* Build configuration list for PBXProject "ListaDeCompras" */;
			compatibilityVersion = "Xcode 9.3";
			developmentRegion = en;
			hasScannedForEncodings = 0;
			knownRegions = (
				en,
				Base,
			);
			mainGroup = DA2D9EEB22B1AD4700072762;
			productRefGroup = DA2D9EF522B1AD4700072762 /* Products */;
			projectDirPath = "";
			projectRoot = "";
			targets = (
				DA2D9EF322B1AD4700072762 /* ListaDeCompras */,
			);
		};
/* End PBXProject section */

/* Begin PBXResourcesBuildPhase section */
		DA2D9EF222B1AD4700072762 /* Resources */ = {
			isa = PBXResourcesBuildPhase;
			buildActionMask = 2147483647;
			files = (
				DA2D9F0222B1AD4800072762 /* LaunchScreen.storyboard in Resources */,
				DA2D9F0E22B2A71200072762 /* TableViewCell.xib in Resources */,
				DA2D9EFF22B1AD4800072762 /* Assets.xcassets in Resources */,
				DA2D9EFD22B1AD4700072762 /* Main.storyboard in Resources */,
			);
			runOnlyForDeploymentPostprocessing = 0;
		};
/* End PBXResourcesBuildPhase section */

/* Begin PBXSourcesBuildPhase section */
		DA2D9EF022B1AD4700072762 /* Sources */ = {
			isa = PBXSourcesBuildPhase;
			buildActionMask = 2147483647;
			files = (
				DA2D9EFA22B1AD4700072762 /* TodoListViewController.swift in Sources */,
				DA2D9F0D22B2A71200072762 /* TableViewCell.swift in Sources */,
				DA2D9F0A22B2A26600072762 /* Item.swift in Sources */,
				DA2D9EF822B1AD4700072762 /* AppDelegate.swift in Sources */,
			);
			runOnlyForDeploymentPostprocessing = 0;
		};
/* End PBXSourcesBuildPhase section */

/* Begin PBXVariantGroup section */
		DA2D9EFB22B1AD4700072762 /* Main.storyboard */ = {
			isa = PBXVariantGroup;
			children = (
				DA2D9EFC22B1AD4700072762 /* Base */,
			);
			name = Main.storyboard;
			sourceTree = "<group>";
		};
		DA2D9F0022B1AD4800072762 /* LaunchScreen.storyboard */ = {
			isa = PBXVariantGroup;
			children = (
				DA2D9F0122B1AD4800072762 /* Base */,
			);
			name = LaunchScreen.storyboard;
			sourceTree = "<group>";
		};
/* End PBXVariantGroup section */

/* Begin XCBuildConfiguration section */
		DA2D9F0422B1AD4800072762 /* Debug */ = {
			isa = XCBuildConfiguration;
			buildSettings = {
				ALWAYS_SEARCH_USER_PATHS = NO;
				CLANG_ANALYZER_NONNULL = YES;
				CLANG_ANALYZER_NUMBER_OBJECT_CONVERSION = YES_AGGRESSIVE;
				CLANG_CXX_LANGUAGE_STANDARD = "gnu++14";
				CLANG_CXX_LIBRARY = "libc++";
				CLANG_ENABLE_MODULES = YES;
				CLANG_ENABLE_OBJC_ARC = YES;
				CLANG_ENABLE_OBJC_WEAK = YES;
				CLANG_WARN_BLOCK_CAPTURE_AUTORELEASING = YES;
				CLANG_WARN_BOOL_CONVERSION = YES;
				CLANG_WARN_COMMA = YES;
				CLANG_WARN_CONSTANT_CONVERSION = YES;
				CLANG_WARN_DEPRECATED_OBJC_IMPLEMENTATIONS = YES;
				CLANG_WARN_DIRECT_OBJC_ISA_USAGE = YES_ERROR;
				CLANG_WARN_DOCUMENTATION_COMMENTS = YES;
				CLANG_WARN_EMPTY_BODY = YES;
				CLANG_WARN_ENUM_CONVERSION = YES;
				CLANG_WARN_INFINITE_RECURSION = YES;
				CLANG_WARN_INT_CONVERSION = YES;
				CLANG_WARN_NON_LITERAL_NULL_CONVERSION = YES;
				CLANG_WARN_OBJC_IMPLICIT_RETAIN_SELF = YES;
				CLANG_WARN_OBJC_LITERAL_CONVERSION = YES;
				CLANG_WARN_OBJC_ROOT_CLASS = YES_ERROR;
				CLANG_WARN_RANGE_LOOP_ANALYSIS = YES;
				CLANG_WARN_STRICT_PROTOTYPES = YES;
				CLANG_WARN_SUSPICIOUS_MOVE = YES;
				CLANG_WARN_UNGUARDED_AVAILABILITY = YES_AGGRESSIVE;
				CLANG_WARN_UNREACHABLE_CODE = YES;
				CLANG_WARN__DUPLICATE_METHOD_MATCH = YES;
				CODE_SIGN_IDENTITY = "iPhone Developer";
				COPY_PHASE_STRIP = NO;
				DEBUG_INFORMATION_FORMAT = dwarf;
				ENABLE_STRICT_OBJC_MSGSEND = YES;
				ENABLE_TESTABILITY = YES;
				GCC_C_LANGUAGE_STANDARD = gnu11;
				GCC_DYNAMIC_NO_PIC = NO;
				GCC_NO_COMMON_BLOCKS = YES;
				GCC_OPTIMIZATION_LEVEL = 0;
				GCC_PREPROCESSOR_DEFINITIONS = (
					"DEBUG=1",
					"$(inherited)",
				);
				GCC_WARN_64_TO_32_BIT_CONVERSION = YES;
				GCC_WARN_ABOUT_RETURN_TYPE = YES_ERROR;
				GCC_WARN_UNDECLARED_SELECTOR = YES;
				GCC_WARN_UNINITIALIZED_AUTOS = YES_AGGRESSIVE;
				GCC_WARN_UNUSED_FUNCTION = YES;
				GCC_WARN_UNUSED_VARIABLE = YES;
				IPHONEOS_DEPLOYMENT_TARGET = 12.0;
				MTL_ENABLE_DEBUG_INFO = INCLUDE_SOURCE;
				MTL_FAST_MATH = YES;
				ONLY_ACTIVE_ARCH = YES;
				SDKROOT = iphoneos;
				SWIFT_ACTIVE_COMPILATION_CONDITIONS = DEBUG;
				SWIFT_OPTIMIZATION_LEVEL = "-Onone";
			};
			name = Debug;
		};
		DA2D9F0522B1AD4800072762 /* Release */ = {
			isa = XCBuildConfiguration;
			buildSettings = {
				ALWAYS_SEARCH_USER_PATHS = NO;
				CLANG_ANALYZER_NONNULL = YES;
				CLANG_ANALYZER_NUMBER_OBJECT_CONVERSION = YES_AGGRESSIVE;
				CLANG_CXX_LANGUAGE_STANDARD = "gnu++14";
				CLANG_CXX_LIBRARY = "libc++";
				CLANG_ENABLE_MODULES = YES;
				CLANG_ENABLE_OBJC_ARC = YES;
				CLANG_ENABLE_OBJC_WEAK = YES;
				CLANG_WARN_BLOCK_CAPTURE_AUTORELEASING = YES;
				CLANG_WARN_BOOL_CONVERSION = YES;
				CLANG_WARN_COMMA = YES;
				CLANG_WARN_CONSTANT_CONVERSION = YES;
				CLANG_WARN_DEPRECATED_OBJC_IMPLEMENTATIONS = YES;
				CLANG_WARN_DIRECT_OBJC_ISA_USAGE = YES_ERROR;
				CLANG_WARN_DOCUMENTATION_COMMENTS = YES;
				CLANG_WARN_EMPTY_BODY = YES;
				CLANG_WARN_ENUM_CONVERSION = YES;
				CLANG_WARN_INFINITE_RECURSION = YES;
				CLANG_WARN_INT_CONVERSION = YES;
				CLANG_WARN_NON_LITERAL_NULL_CONVERSION = YES;
				CLANG_WARN_OBJC_IMPLICIT_RETAIN_SELF = YES;
				CLANG_WARN_OBJC_LITERAL_CONVERSION = YES;
				CLANG_WARN_OBJC_ROOT_CLASS = YES_ERROR;
				CLANG_WARN_RANGE_LOOP_ANALYSIS = YES;
				CLANG_WARN_STRICT_PROTOTYPES = YES;
				CLANG_WARN_SUSPICIOUS_MOVE = YES;
				CLANG_WARN_UNGUARDED_AVAILABILITY = YES_AGGRESSIVE;
				CLANG_WARN_UNREACHABLE_CODE = YES;
				CLANG_WARN__DUPLICATE_METHOD_MATCH = YES;
				CODE_SIGN_IDENTITY = "iPhone Developer";
				COPY_PHASE_STRIP = NO;
				DEBUG_INFORMATION_FORMAT = "dwarf-with-dsym";
				ENABLE_NS_ASSERTIONS = NO;
				ENABLE_STRICT_OBJC_MSGSEND = YES;
				GCC_C_LANGUAGE_STANDARD = gnu11;
				GCC_NO_COMMON_BLOCKS = YES;
				GCC_WARN_64_TO_32_BIT_CONVERSION = YES;
				GCC_WARN_ABOUT_RETURN_TYPE = YES_ERROR;
				GCC_WARN_UNDECLARED_SELECTOR = YES;
				GCC_WARN_UNINITIALIZED_AUTOS = YES_AGGRESSIVE;
				GCC_WARN_UNUSED_FUNCTION = YES;
				GCC_WARN_UNUSED_VARIABLE = YES;
				IPHONEOS_DEPLOYMENT_TARGET = 12.0;
				MTL_ENABLE_DEBUG_INFO = NO;
				MTL_FAST_MATH = YES;
				SDKROOT = iphoneos;
				SWIFT_COMPILATION_MODE = wholemodule;
				SWIFT_OPTIMIZATION_LEVEL = "-O";
				VALIDATE_PRODUCT = YES;
			};
			name = Release;
		};
		DA2D9F0722B1AD4800072762 /* Debug */ = {
			isa = XCBuildConfiguration;
			buildSettings = {
				ASSETCATALOG_COMPILER_APPICON_NAME = AppIcon;
				CODE_SIGN_STYLE = Automatic;
				DEVELOPMENT_TEAM = Y7T9J4YR7S;
				INFOPLIST_FILE = ListaDeCompras/Info.plist;
				LD_RUNPATH_SEARCH_PATHS = (
					"$(inherited)",
					"@executable_path/Frameworks",
				);
				PRODUCT_BUNDLE_IDENTIFIER = mx.tec.mobile.ListaDeCompras;
				PRODUCT_NAME = "$(TARGET_NAME)";
				SWIFT_VERSION = 4.2;
				TARGETED_DEVICE_FAMILY = "1,2";
			};
			name = Debug;
		};
		DA2D9F0822B1AD4800072762 /* Release */ = {
			isa = XCBuildConfiguration;
			buildSettings = {
				ASSETCATALOG_COMPILER_APPICON_NAME = AppIcon;
				CODE_SIGN_STYLE = Automatic;
				DEVELOPMENT_TEAM = Y7T9J4YR7S;
				INFOPLIST_FILE = ListaDeCompras/Info.plist;
				LD_RUNPATH_SEARCH_PATHS = (
					"$(inherited)",
					"@executable_path/Frameworks",
				);
				PRODUCT_BUNDLE_IDENTIFIER = mx.tec.mobile.ListaDeCompras;
				PRODUCT_NAME = "$(TARGET_NAME)";
				SWIFT_VERSION = 4.2;
				TARGETED_DEVICE_FAMILY = "1,2";
			};
			name = Release;
		};
/* End XCBuildConfiguration section */

/* Begin XCConfigurationList section */
		DA2D9EEF22B1AD4700072762 /* Build configuration list for PBXProject "ListaDeCompras" */ = {
			isa = XCConfigurationList;
			buildConfigurations = (
				DA2D9F0422B1AD4800072762 /* Debug */,
				DA2D9F0522B1AD4800072762 /* Release */,
			);
			defaultConfigurationIsVisible = 0;
			defaultConfigurationName = Release;
		};
		DA2D9F0622B1AD4800072762 /* Build configuration list for PBXNativeTarget "ListaDeCompras" */ = {
			isa = XCConfigurationList;
			buildConfigurations = (
				DA2D9F0722B1AD4800072762 /* Debug */,
				DA2D9F0822B1AD4800072762 /* Release */,
			);
			defaultConfigurationIsVisible = 0;
			defaultConfigurationName = Release;
		};
/* End XCConfigurationList section */
	};
	rootObject = DA2D9EEC22B1AD4700072762 /* Project object */;
}
